
Microsoft Visual Studio Solution File, Format Version 12.00
# Visual Studio Version 16
VisualStudioVersion = 16.0.32228.343
MinimumVisualStudioVersion = 10.0.40219.1
Project("{FAE04EC0-301F-11D3-BF4B-00C04F79EFBC}") = "WebApiDapper", "WebApiDapper\WebApiDapper.csproj", "{373AA0A8-851F-4A12-85E4-A14E03B58DBE}"
EndProject
Global
	GlobalSection(SolutionConfigurationPlatforms) = preSolution
		Debug|Any CPU = Debug|Any CPU
		Release|Any CPU = Release|Any CPU
	EndGlobalSection
	GlobalSection(ProjectConfigurationPlatforms) = postSolution
		{373AA0A8-851F-4A12-85E4-A14E03B58DBE}.Debug|Any CPU.ActiveCfg = Debug|Any CPU
		{373AA0A8-851F-4A12-85E4-A14E03B58DBE}.Debug|Any CPU.Build.0 = Debug|Any CPU
		{373AA0A8-851F-4A12-85E4-A14E03B58DBE}.Release|Any CPU.ActiveCfg = Release|Any CPU
		{373AA0A8-851F-4A12-85E4-A14E03B58DBE}.Release|Any CPU.Build.0 = Release|Any CPU
	EndGlobalSection
	GlobalSection(SolutionProperties) = preSolution
		HideSolutionNode = FALSE
	EndGlobalSection
	GlobalSection(ExtensibilityGlobals) = postSolution
		SolutionGuid = {35ABF02D-92BF-4634-9948-9781AEE55FC0}
	EndGlobalSection
EndGlobal
